<?xml version="1.0" encoding="utf-8"?>
<Project ToolsVersion="4.0" xmlns="http://schemas.microsoft.com/developer/msbuild/2003">
  <ItemGroup>
    <Filter Include="소스 파일">
      <UniqueIdentifier>{4FC737F1-C7A5-4376-A066-2A32D752A2FF}</UniqueIdentifier>
      <Extensions>cpp;c;cc;cxx;c++;cppm;ixx;def;odl;idl;hpj;bat;asm;asmx</Extensions>
    </Filter>
    <Filter Include="헤더 파일">
      <UniqueIdentifier>{93995380-89BD-4b04-88EB-625FBE52EBFB}</UniqueIdentifier>
      <Extensions>h;hh;hpp;hxx;h++;hm;inl;inc;ipp;xsd</Extensions>
    </Filter>
    <Filter Include="리소스 파일">
      <UniqueIdentifier>{67DA6AB6-F800-4c08-8B7A-83BB121AAD01}</UniqueIdentifier>
      <Extensions>rc;ico;cur;bmp;dlg;rc2;rct;bin;rgs;gif;jpg;jpeg;jpe;resx;tiff;tif;png;wav;mfcribbon-ms</Extensions>
    </Filter>
    <Filter Include="Binary">
      <UniqueIdentifier>{2e8b9fce-3607-471c-8783-ef7992b25bd3}</UniqueIdentifier>
    </Filter>
    <Filter Include="Array">
      <UniqueIdentifier>{f1507446-04ff-41d5-94ce-cc67bd3ae9c9}</UniqueIdentifier>
    </Filter>
    <Filter Include="Assignment">
      <UniqueIdentifier>{215af7d1-88cd-4573-804f-7bea075dd4a0}</UniqueIdentifier>
    </Filter>
    <Filter Include="Dynamic Programming">
      <UniqueIdentifier>{35dd6d9c-38c4-4438-af9c-489ede87d2b1}</UniqueIdentifier>
    </Filter>
    <Filter Include="Graph">
      <UniqueIdentifier>{c1e48203-b815-416b-a27c-1d95af8e15cd}</UniqueIdentifier>
    </Filter>
  </ItemGroup>
  <ItemGroup>
    <ClCompile Include="main.cpp">
      <Filter>소스 파일</Filter>
    </ClCompile>
    <ClCompile Include="Number of 1 Bits.cpp">
      <Filter>Binary</Filter>
    </ClCompile>
    <ClCompile Include="Two Sum.cpp">
      <Filter>Array</Filter>
    </ClCompile>
    <ClCompile Include="Best Time to Buy and Sell Stock.cpp">
      <Filter>Array</Filter>
    </ClCompile>
    <ClCompile Include="Contains Duplicate.cpp">
      <Filter>Array</Filter>
    </ClCompile>
    <ClCompile Include="Product of Array except Self.cpp">
      <Filter>Array</Filter>
    </ClCompile>
    <ClCompile Include="Maxumym subarray.cpp">
      <Filter>Array</Filter>
    </ClCompile>
    <ClCompile Include="Maximum Product Subarray.cpp">
      <Filter>Array</Filter>
    </ClCompile>
    <ClCompile Include="Find Minimum in Rotated Sorted Array.cpp">
      <Filter>Array</Filter>
    </ClCompile>
    <ClCompile Include="Search in Rotated Sorted array.cpp">
      <Filter>Array</Filter>
    </ClCompile>
    <ClCompile Include="3 Sum.cpp">
      <Filter>Array</Filter>
    </ClCompile>
    <ClCompile Include="Container with Most water.cpp">
      <Filter>Array</Filter>
    </ClCompile>
    <ClCompile Include="Sum of Two Intergers.cpp">
      <Filter>Binary</Filter>
    </ClCompile>
    <ClCompile Include="Counting Bits.cpp">
      <Filter>Binary</Filter>
    </ClCompile>
    <ClCompile Include="Missing Number.cpp">
      <Filter>Binary</Filter>
    </ClCompile>
    <ClCompile Include="Reverse Bits.cpp">
      <Filter>Binary</Filter>
    </ClCompile>
    <ClCompile Include="Mergesort.cpp">
      <Filter>Assignment</Filter>
    </ClCompile>
    <ClCompile Include="Climbing Stair.cpp">
      <Filter>Dynamic Programming</Filter>
    </ClCompile>
    <ClCompile Include="Coin Change.cpp">
      <Filter>Dynamic Programming</Filter>
    </ClCompile>
    <ClCompile Include="Quicksort.cpp">
      <Filter>Assignment</Filter>
    </ClCompile>
    <ClCompile Include="Longest Increasing Subsequence.cpp">
      <Filter>Dynamic Programming</Filter>
    </ClCompile>
    <ClCompile Include="LCS.cpp">
      <Filter>Dynamic Programming</Filter>
    </ClCompile>
    <ClCompile Include="Word Break.cpp">
      <Filter>Dynamic Programming</Filter>
    </ClCompile>
    <ClCompile Include="Minimum Cost for Tickets.cpp">
      <Filter>Dynamic Programming</Filter>
    </ClCompile>
    <ClCompile Include="Combination Sum.cpp">
      <Filter>Dynamic Programming</Filter>
    </ClCompile>
    <ClCompile Include="House Robber.cpp">
      <Filter>Dynamic Programming</Filter>
    </ClCompile>
    <ClCompile Include="House Robber2.cpp">
      <Filter>Dynamic Programming</Filter>
    </ClCompile>
    <ClCompile Include="Decode Ways.cpp">
      <Filter>Dynamic Programming</Filter>
    </ClCompile>
    <ClCompile Include="Unique Paths.cpp">
      <Filter>Dynamic Programming</Filter>
    </ClCompile>
    <ClCompile Include="Jump Game.cpp">
      <Filter>Dynamic Programming</Filter>
    </ClCompile>
    <ClCompile Include="Clone Graph.cpp">
      <Filter>Graph</Filter>
    </ClCompile>
    <ClCompile Include="Course Schedule.cpp">
      <Filter>Graph</Filter>
    </ClCompile>
    <ClCompile Include="Pacific Atlantic Water Flow.cpp">
      <Filter>Graph</Filter>
    </ClCompile>
  </ItemGroup>
  <ItemGroup>
    <ClInclude Include="Binary.h">
      <Filter>Binary</Filter>
    </ClInclude>
    <ClInclude Include="Array.h">
      <Filter>Array</Filter>
    </ClInclude>
    <ClInclude Include="Dynamic Programming.h">
      <Filter>Dynamic Programming</Filter>
    </ClInclude>
    <ClInclude Include="Graph.h">
      <Filter>Graph</Filter>
    </ClInclude>
  </ItemGroup>
</Project>